// !$*UTF8*$!
{
	archiveVersion = 1;
	classes = {
	};
	objectVersion = 48;
	objects = {

/* Begin PBXBuildFile section */
		BAD278BB21E3453100F1836A /* Main.storyboard in Resources */ = {isa = PBXBuildFile; fileRef = BAD278B921E3453100F1836A /* Main.storyboard */; };
		BAD278BD21E788A500F1836A /* ImportanceViewController.swift in Sources */ = {isa = PBXBuildFile; fileRef = BAD278BC21E788A400F1836A /* ImportanceViewController.swift */; };
		BAD278BF21EA388C00F1836A /* Task.swift in Sources */ = {isa = PBXBuildFile; fileRef = BAD278BE21EA388C00F1836A /* Task.swift */; };
		BAE4CD8221DA033200D46E62 /* AppDelegate.swift in Sources */ = {isa = PBXBuildFile; fileRef = BAE4CD8121DA033200D46E62 /* AppDelegate.swift */; };
		BAE4CD8421DA033200D46E62 /* ViewController.swift in Sources */ = {isa = PBXBuildFile; fileRef = BAE4CD8321DA033200D46E62 /* ViewController.swift */; };
		BAE4CD8921DA033200D46E62 /* Assets.xcassets in Resources */ = {isa = PBXBuildFile; fileRef = BAE4CD8821DA033200D46E62 /* Assets.xcassets */; };
		BAE4CD8C21DA033200D46E62 /* LaunchScreen.storyboard in Resources */ = {isa = PBXBuildFile; fileRef = BAE4CD8A21DA033200D46E62 /* LaunchScreen.storyboard */; };
		BAE4CD9721DA033200D46E62 /* Todo1Tests.swift in Sources */ = {isa = PBXBuildFile; fileRef = BAE4CD9621DA033200D46E62 /* Todo1Tests.swift */; };
		BAE4CDA221DA033200D46E62 /* Todo1UITests.swift in Sources */ = {isa = PBXBuildFile; fileRef = BAE4CDA121DA033200D46E62 /* Todo1UITests.swift */; };
		BAE4CDB021DB7F3A00D46E62 /* NewViewController.swift in Sources */ = {isa = PBXBuildFile; fileRef = BAE4CDAF21DB7F3A00D46E62 /* NewViewController.swift */; };
/* End PBXBuildFile section */

/* Begin PBXContainerItemProxy section */
		BAE4CD9321DA033200D46E62 /* PBXContainerItemProxy */ = {
			isa = PBXContainerItemProxy;
			containerPortal = BAE4CD7621DA033100D46E62 /* Project object */;
			proxyType = 1;
			remoteGlobalIDString = BAE4CD7D21DA033200D46E62;
			remoteInfo = Todo1;
		};
		BAE4CD9E21DA033200D46E62 /* PBXContainerItemProxy */ = {
			isa = PBXContainerItemProxy;
			containerPortal = BAE4CD7621DA033100D46E62 /* Project object */;
			proxyType = 1;
			remoteGlobalIDString = BAE4CD7D21DA033200D46E62;
			remoteInfo = Todo1;
		};
/* End PBXContainerItemProxy section */

/* Begin PBXFileReference section */
		BAD278BA21E3453100F1836A /* Base */ = {isa = PBXFileReference; lastKnownFileType = file.storyboard; name = Base; path = Base.lproj/Main.storyboard; sourceTree = "<group>"; };
		BAD278BC21E788A400F1836A /* ImportanceViewController.swift */ = {isa = PBXFileReference; lastKnownFileType = sourcecode.swift; path = ImportanceViewController.swift; sourceTree = "<group>"; };
		BAD278BE21EA388C00F1836A /* Task.swift */ = {isa = PBXFileReference; lastKnownFileType = sourcecode.swift; path = Task.swift; sourceTree = "<group>"; };
		BAE4CD7E21DA033200D46E62 /* Todo1.app */ = {isa = PBXFileReference; explicitFileType = wrapper.application; includeInIndex = 0; path = Todo1.app; sourceTree = BUILT_PRODUCTS_DIR; };
		BAE4CD8121DA033200D46E62 /* AppDelegate.swift */ = {isa = PBXFileReference; lastKnownFileType = sourcecode.swift; path = AppDelegate.swift; sourceTree = "<group>"; };
		BAE4CD8321DA033200D46E62 /* ViewController.swift */ = {isa = PBXFileReference; lastKnownFileType = sourcecode.swift; path = ViewController.swift; sourceTree = "<group>"; };
		BAE4CD8821DA033200D46E62 /* Assets.xcassets */ = {isa = PBXFileReference; lastKnownFileType = folder.assetcatalog; path = Assets.xcassets; sourceTree = "<group>"; };
		BAE4CD8B21DA033200D46E62 /* Base */ = {isa = PBXFileReference; lastKnownFileType = file.storyboard; name = Base; path = Base.lproj/LaunchScreen.storyboard; sourceTree = "<group>"; };
		BAE4CD8D21DA033200D46E62 /* Info.plist */ = {isa = PBXFileReference; lastKnownFileType = text.plist.xml; path = Info.plist; sourceTree = "<group>"; };
		BAE4CD9221DA033200D46E62 /* Todo1Tests.xctest */ = {isa = PBXFileReference; explicitFileType = wrapper.cfbundle; includeInIndex = 0; path = Todo1Tests.xctest; sourceTree = BUILT_PRODUCTS_DIR; };
		BAE4CD9621DA033200D46E62 /* Todo1Tests.swift */ = {isa = PBXFileReference; lastKnownFileType = sourcecode.swift; path = Todo1Tests.swift; sourceTree = "<group>"; };
		BAE4CD9821DA033200D46E62 /* Info.plist */ = {isa = PBXFileReference; lastKnownFileType = text.plist.xml; path = Info.plist; sourceTree = "<group>"; };
		BAE4CD9D21DA033200D46E62 /* Todo1UITests.xctest */ = {isa = PBXFileReference; explicitFileType = wrapper.cfbundle; includeInIndex = 0; path = Todo1UITests.xctest; sourceTree = BUILT_PRODUCTS_DIR; };
		BAE4CDA121DA033200D46E62 /* Todo1UITests.swift */ = {isa = PBXFileReference; lastKnownFileType = sourcecode.swift; path = Todo1UITests.swift; sourceTree = "<group>"; };
		BAE4CDA321DA033200D46E62 /* Info.plist */ = {isa = PBXFileReference; lastKnownFileType = text.plist.xml; path = Info.plist; sourceTree = "<group>"; };
		BAE4CDAF21DB7F3A00D46E62 /* NewViewController.swift */ = {isa = PBXFileReference; lastKnownFileType = sourcecode.swift; path = NewViewController.swift; sourceTree = "<group>"; };
/* End PBXFileReference section */

/* Begin PBXFrameworksBuildPhase section */
		BAE4CD7B21DA033200D46E62 /* Frameworks */ = {
			isa = PBXFrameworksBuildPhase;
			buildActionMask = 2147483647;
			files = (
			);
			runOnlyForDeploymentPostprocessing = 0;
		};
		BAE4CD8F21DA033200D46E62 /* Frameworks */ = {
			isa = PBXFrameworksBuildPhase;
			buildActionMask = 2147483647;
			files = (
			);
			runOnlyForDeploymentPostprocessing = 0;
		};
		BAE4CD9A21DA033200D46E62 /* Frameworks */ = {
			isa = PBXFrameworksBuildPhase;
			buildActionMask = 2147483647;
			files = (
			);
			runOnlyForDeploymentPostprocessing = 0;
		};
/* End PBXFrameworksBuildPhase section */

/* Begin PBXGroup section */
		BAE4CD7521DA033100D46E62 = {
			isa = PBXGroup;
			children = (
				BAE4CD8021DA033200D46E62 /* Todo1 */,
				BAE4CD9521DA033200D46E62 /* Todo1Tests */,
				BAE4CDA021DA033200D46E62 /* Todo1UITests */,
				BAE4CD7F21DA033200D46E62 /* Products */,
			);
			sourceTree = "<group>";
		};
		BAE4CD7F21DA033200D46E62 /* Products */ = {
			isa = PBXGroup;
			children = (
				BAE4CD7E21DA033200D46E62 /* Todo1.app */,
				BAE4CD9221DA033200D46E62 /* Todo1Tests.xctest */,
				BAE4CD9D21DA033200D46E62 /* Todo1UITests.xctest */,
			);
			name = Products;
			sourceTree = "<group>";
		};
		BAE4CD8021DA033200D46E62 /* Todo1 */ = {
			isa = PBXGroup;
			children = (
				BAE4CD8121DA033200D46E62 /* AppDelegate.swift */,
				BAE4CD8321DA033200D46E62 /* ViewController.swift */,
				BAD278B921E3453100F1836A /* Main.storyboard */,
				BAE4CDAF21DB7F3A00D46E62 /* NewViewController.swift */,
				BAD278BC21E788A400F1836A /* ImportanceViewController.swift */,
				BAD278BE21EA388C00F1836A /* Task.swift */,
				BAE4CD8821DA033200D46E62 /* Assets.xcassets */,
				BAE4CD8A21DA033200D46E62 /* LaunchScreen.storyboard */,
				BAE4CD8D21DA033200D46E62 /* Info.plist */,
			);
			path = Todo1;
			sourceTree = "<group>";
		};
		BAE4CD9521DA033200D46E62 /* Todo1Tests */ = {
			isa = PBXGroup;
			children = (
				BAE4CD9621DA033200D46E62 /* Todo1Tests.swift */,
				BAE4CD9821DA033200D46E62 /* Info.plist */,
			);
			path = Todo1Tests;
			sourceTree = "<group>";
		};
		BAE4CDA021DA033200D46E62 /* Todo1UITests */ = {
			isa = PBXGroup;
			children = (
				BAE4CDA121DA033200D46E62 /* Todo1UITests.swift */,
				BAE4CDA321DA033200D46E62 /* Info.plist */,
			);
			path = Todo1UITests;
			sourceTree = "<group>";
		};
/* End PBXGroup section */

/* Begin PBXNativeTarget section */
		BAE4CD7D21DA033200D46E62 /* Todo1 */ = {
			isa = PBXNativeTarget;
			buildConfigurationList = BAE4CDA621DA033200D46E62 /* Build configuration list for PBXNativeTarget "Todo1" */;
			buildPhases = (
				BAE4CD7A21DA033200D46E62 /* Sources */,
				BAE4CD7B21DA033200D46E62 /* Frameworks */,
				BAE4CD7C21DA033200D46E62 /* Resources */,
			);
			buildRules = (
			);
			dependencies = (
			);
			name = Todo1;
			productName = Todo1;
			productReference = BAE4CD7E21DA033200D46E62 /* Todo1.app */;
			productType = "com.apple.product-type.application";
		};
		BAE4CD9121DA033200D46E62 /* Todo1Tests */ = {
			isa = PBXNativeTarget;
			buildConfigurationList = BAE4CDA921DA033200D46E62 /* Build configuration list for PBXNativeTarget "Todo1Tests" */;
			buildPhases = (
				BAE4CD8E21DA033200D46E62 /* Sources */,
				BAE4CD8F21DA033200D46E62 /* Frameworks */,
				BAE4CD9021DA033200D46E62 /* Resources */,
			);
			buildRules = (
			);
			dependencies = (
				BAE4CD9421DA033200D46E62 /* PBXTargetDependency */,
			);
			name = Todo1Tests;
			productName = Todo1Tests;
			productReference = BAE4CD9221DA033200D46E62 /* Todo1Tests.xctest */;
			productType = "com.apple.product-type.bundle.unit-test";
		};
		BAE4CD9C21DA033200D46E62 /* Todo1UITests */ = {
			isa = PBXNativeTarget;
			buildConfigurationList = BAE4CDAC21DA033200D46E62 /* Build configuration list for PBXNativeTarget "Todo1UITests" */;
			buildPhases = (
				BAE4CD9921DA033200D46E62 /* Sources */,
				BAE4CD9A21DA033200D46E62 /* Frameworks */,
				BAE4CD9B21DA033200D46E62 /* Resources */,
			);
			buildRules = (
			);
			dependencies = (
				BAE4CD9F21DA033200D46E62 /* PBXTargetDependency */,
			);
			name = Todo1UITests;
			productName = Todo1UITests;
			productReference = BAE4CD9D21DA033200D46E62 /* Todo1UITests.xctest */;
			productType = "com.apple.product-type.bundle.ui-testing";
		};
/* End PBXNativeTarget section */

/* Begin PBXProject section */
		BAE4CD7621DA033100D46E62 /* Project object */ = {
			isa = PBXProject;
			attributes = {
				LastSwiftUpdateCheck = 0920;
				LastUpgradeCheck = 0920;
				ORGANIZATIONNAME = "本田彩";
				TargetAttributes = {
					BAE4CD7D21DA033200D46E62 = {
						CreatedOnToolsVersion = 9.2;
						ProvisioningStyle = Automatic;
					};
					BAE4CD9121DA033200D46E62 = {
						CreatedOnToolsVersion = 9.2;
						ProvisioningStyle = Automatic;
						TestTargetID = BAE4CD7D21DA033200D46E62;
					};
					BAE4CD9C21DA033200D46E62 = {
						CreatedOnToolsVersion = 9.2;
						ProvisioningStyle = Automatic;
						TestTargetID = BAE4CD7D21DA033200D46E62;
					};
				};
			};
			buildConfigurationList = BAE4CD7921DA033100D46E62 /* Build configuration list for PBXProject "Todo1" */;
			compatibilityVersion = "Xcode 8.0";
			developmentRegion = en;
			hasScannedForEncodings = 0;
			knownRegions = (
				en,
				Base,
			);
			mainGroup = BAE4CD7521DA033100D46E62;
			productRefGroup = BAE4CD7F21DA033200D46E62 /* Products */;
			projectDirPath = "";
			projectRoot = "";
			targets = (
				BAE4CD7D21DA033200D46E62 /* Todo1 */,
				BAE4CD9121DA033200D46E62 /* Todo1Tests */,
				BAE4CD9C21DA033200D46E62 /* Todo1UITests */,
			);
		};
/* End PBXProject section */

/* Begin PBXResourcesBuildPhase section */
		BAE4CD7C21DA033200D46E62 /* Resources */ = {
			isa = PBXResourcesBuildPhase;
			buildActionMask = 2147483647;
			files = (
				BAD278BB21E3453100F1836A /* Main.storyboard in Resources */,
				BAE4CD8C21DA033200D46E62 /* LaunchScreen.storyboard in Resources */,
				BAE4CD8921DA033200D46E62 /* Assets.xcassets in Resources */,
			);
			runOnlyForDeploymentPostprocessing = 0;
		};
		BAE4CD9021DA033200D46E62 /* Resources */ = {
			isa = PBXResourcesBuildPhase;
			buildActionMask = 2147483647;
			files = (
			);
			runOnlyForDeploymentPostprocessing = 0;
		};
		BAE4CD9B21DA033200D46E62 /* Resources */ = {
			isa = PBXResourcesBuildPhase;
			buildActionMask = 2147483647;
			files = (
			);
			runOnlyForDeploymentPostprocessing = 0;
		};
/* End PBXResourcesBuildPhase section */

/* Begin PBXSourcesBuildPhase section */
		BAE4CD7A21DA033200D46E62 /* Sources */ = {
			isa = PBXSourcesBuildPhase;
			buildActionMask = 2147483647;
			files = (
				BAE4CDB021DB7F3A00D46E62 /* NewViewController.swift in Sources */,
				BAE4CD8421DA033200D46E62 /* ViewController.swift in Sources */,
				BAD278BF21EA388C00F1836A /* Task.swift in Sources */,
				BAD278BD21E788A500F1836A /* ImportanceViewController.swift in Sources */,
				BAE4CD8221DA033200D46E62 /* AppDelegate.swift in Sources */,
			);
			runOnlyForDeploymentPostprocessing = 0;
		};
		BAE4CD8E21DA033200D46E62 /* Sources */ = {
			isa = PBXSourcesBuildPhase;
			buildActionMask = 2147483647;
			files = (
				BAE4CD9721DA033200D46E62 /* Todo1Tests.swift in Sources */,
			);
			runOnlyForDeploymentPostprocessing = 0;
		};
		BAE4CD9921DA033200D46E62 /* Sources */ = {
			isa = PBXSourcesBuildPhase;
			buildActionMask = 2147483647;
			files = (
				BAE4CDA221DA033200D46E62 /* Todo1UITests.swift in Sources */,
			);
			runOnlyForDeploymentPostprocessing = 0;
		};
/* End PBXSourcesBuildPhase section */

/* Begin PBXTargetDependency section */
		BAE4CD9421DA033200D46E62 /* PBXTargetDependency */ = {
			isa = PBXTargetDependency;
			target = BAE4CD7D21DA033200D46E62 /* Todo1 */;
			targetProxy = BAE4CD9321DA033200D46E62 /* PBXContainerItemProxy */;
		};
		BAE4CD9F21DA033200D46E62 /* PBXTargetDependency */ = {
			isa = PBXTargetDependency;
			target = BAE4CD7D21DA033200D46E62 /* Todo1 */;
			targetProxy = BAE4CD9E21DA033200D46E62 /* PBXContainerItemProxy */;
		};
/* End PBXTargetDependency section */

/* Begin PBXVariantGroup section */
		BAD278B921E3453100F1836A /* Main.storyboard */ = {
			isa = PBXVariantGroup;
			children = (
				BAD278BA21E3453100F1836A /* Base */,
			);
			name = Main.storyboard;
			sourceTree = "<group>";
		};
		BAE4CD8A21DA033200D46E62 /* LaunchScreen.storyboard */ = {
			isa = PBXVariantGroup;
			children = (
				BAE4CD8B21DA033200D46E62 /* Base */,
			);
			name = LaunchScreen.storyboard;
			sourceTree = "<group>";
		};
/* End PBXVariantGroup section */

/* Begin XCBuildConfiguration section */
		BAE4CDA421DA033200D46E62 /* Debug */ = {
			isa = XCBuildConfiguration;
			buildSettings = {
				ALWAYS_SEARCH_USER_PATHS = NO;
				CLANG_ANALYZER_NONNULL = YES;
				CLANG_ANALYZER_NUMBER_OBJECT_CONVERSION = YES_AGGRESSIVE;
				CLANG_CXX_LANGUAGE_STANDARD = "gnu++14";
				CLANG_CXX_LIBRARY = "libc++";
				CLANG_ENABLE_MODULES = YES;
				CLANG_ENABLE_OBJC_ARC = YES;
				CLANG_WARN_BLOCK_CAPTURE_AUTORELEASING = YES;
				CLANG_WARN_BOOL_CONVERSION = YES;
				CLANG_WARN_COMMA = YES;
				CLANG_WARN_CONSTANT_CONVERSION = YES;
				CLANG_WARN_DIRECT_OBJC_ISA_USAGE = YES_ERROR;
				CLANG_WARN_DOCUMENTATION_COMMENTS = YES;
				CLANG_WARN_EMPTY_BODY = YES;
				CLANG_WARN_ENUM_CONVERSION = YES;
				CLANG_WARN_INFINITE_RECURSION = YES;
				CLANG_WARN_INT_CONVERSION = YES;
				CLANG_WARN_NON_LITERAL_NULL_CONVERSION = YES;
				CLANG_WARN_OBJC_LITERAL_CONVERSION = YES;
				CLANG_WARN_OBJC_ROOT_CLASS = YES_ERROR;
				CLANG_WARN_RANGE_LOOP_ANALYSIS = YES;
				CLANG_WARN_STRICT_PROTOTYPES = YES;
				CLANG_WARN_SUSPICIOUS_MOVE = YES;
				CLANG_WARN_UNGUARDED_AVAILABILITY = YES_AGGRESSIVE;
				CLANG_WARN_UNREACHABLE_CODE = YES;
				CLANG_WARN__DUPLICATE_METHOD_MATCH = YES;
				CODE_SIGN_IDENTITY = "iPhone Developer";
				COPY_PHASE_STRIP = NO;
				DEBUG_INFORMATION_FORMAT = dwarf;
				ENABLE_STRICT_OBJC_MSGSEND = YES;
				ENABLE_TESTABILITY = YES;
				GCC_C_LANGUAGE_STANDARD = gnu11;
				GCC_DYNAMIC_NO_PIC = NO;
				GCC_NO_COMMON_BLOCKS = YES;
				GCC_OPTIMIZATION_LEVEL = 0;
				GCC_PREPROCESSOR_DEFINITIONS = (
					"DEBUG=1",
					"$(inherited)",
				);
				GCC_WARN_64_TO_32_BIT_CONVERSION = YES;
				GCC_WARN_ABOUT_RETURN_TYPE = YES_ERROR;
				GCC_WARN_UNDECLARED_SELECTOR = YES;
				GCC_WARN_UNINITIALIZED_AUTOS = YES_AGGRESSIVE;
				GCC_WARN_UNUSED_FUNCTION = YES;
				GCC_WARN_UNUSED_VARIABLE = YES;
				IPHONEOS_DEPLOYMENT_TARGET = 11.2;
				MTL_ENABLE_DEBUG_INFO = YES;
				ONLY_ACTIVE_ARCH = YES;
				SDKROOT = iphoneos;
				SWIFT_ACTIVE_COMPILATION_CONDITIONS = DEBUG;
				SWIFT_OPTIMIZATION_LEVEL = "-Onone";
			};
			name = Debug;
		};
		BAE4CDA521DA033200D46E62 /* Release */ = {
			isa = XCBuildConfiguration;
			buildSettings = {
				ALWAYS_SEARCH_USER_PATHS = NO;
				CLANG_ANALYZER_NONNULL = YES;
				CLANG_ANALYZER_NUMBER_OBJECT_CONVERSION = YES_AGGRESSIVE;
				CLANG_CXX_LANGUAGE_STANDARD = "gnu++14";
				CLANG_CXX_LIBRARY = "libc++";
				CLANG_ENABLE_MODULES = YES;
				CLANG_ENABLE_OBJC_ARC = YES;
				CLANG_WARN_BLOCK_CAPTURE_AUTORELEASING = YES;
				CLANG_WARN_BOOL_CONVERSION = YES;
				CLANG_WARN_COMMA = YES;
				CLANG_WARN_CONSTANT_CONVERSION = YES;
				CLANG_WARN_DIRECT_OBJC_ISA_USAGE = YES_ERROR;
				CLANG_WARN_DOCUMENTATION_COMMENTS = YES;
				CLANG_WARN_EMPTY_BODY = YES;
				CLANG_WARN_ENUM_CONVERSION = YES;
				CLANG_WARN_INFINITE_RECURSION = YES;
				CLANG_WARN_INT_CONVERSION = YES;
				CLANG_WARN_NON_LITERAL_NULL_CONVERSION = YES;
				CLANG_WARN_OBJC_LITERAL_CONVERSION = YES;
				CLANG_WARN_OBJC_ROOT_CLASS = YES_ERROR;
				CLANG_WARN_RANGE_LOOP_ANALYSIS = YES;
				CLANG_WARN_STRICT_PROTOTYPES = YES;
				CLANG_WARN_SUSPICIOUS_MOVE = YES;
				CLANG_WARN_UNGUARDED_AVAILABILITY = YES_AGGRESSIVE;
				CLANG_WARN_UNREACHABLE_CODE = YES;
				CLANG_WARN__DUPLICATE_METHOD_MATCH = YES;
				CODE_SIGN_IDENTITY = "iPhone Developer";
				COPY_PHASE_STRIP = NO;
				DEBUG_INFORMATION_FORMAT = "dwarf-with-dsym";
				ENABLE_NS_ASSERTIONS = NO;
				ENABLE_STRICT_OBJC_MSGSEND = YES;
				GCC_C_LANGUAGE_STANDARD = gnu11;
				GCC_NO_COMMON_BLOCKS = YES;
				GCC_WARN_64_TO_32_BIT_CONVERSION = YES;
				GCC_WARN_ABOUT_RETURN_TYPE = YES_ERROR;
				GCC_WARN_UNDECLARED_SELECTOR = YES;
				GCC_WARN_UNINITIALIZED_AUTOS = YES_AGGRESSIVE;
				GCC_WARN_UNUSED_FUNCTION = YES;
				GCC_WARN_UNUSED_VARIABLE = YES;
				IPHONEOS_DEPLOYMENT_TARGET = 11.2;
				MTL_ENABLE_DEBUG_INFO = NO;
				SDKROOT = iphoneos;
				SWIFT_OPTIMIZATION_LEVEL = "-Owholemodule";
				VALIDATE_PRODUCT = YES;
			};
			name = Release;
		};
		BAE4CDA721DA033200D46E62 /* Debug */ = {
			isa = XCBuildConfiguration;
			buildSettings = {
				ASSETCATALOG_COMPILER_APPICON_NAME = AppIcon;
				CODE_SIGN_STYLE = Automatic;
				DEVELOPMENT_TEAM = "";
				INFOPLIST_FILE = Todo1/Info.plist;
				IPHONEOS_DEPLOYMENT_TARGET = 11.2;
				LD_RUNPATH_SEARCH_PATHS = "$(inherited) @executable_path/Frameworks";
				PRODUCT_BUNDLE_IDENTIFIER = com.litech.Todo1;
				PRODUCT_NAME = "$(TARGET_NAME)";
				SWIFT_VERSION = 4.0;
				TARGETED_DEVICE_FAMILY = "1,2";
			};
			name = Debug;
		};
		BAE4CDA821DA033200D46E62 /* Release */ = {
			isa = XCBuildConfiguration;
			buildSettings = {
				ASSETCATALOG_COMPILER_APPICON_NAME = AppIcon;
				CODE_SIGN_STYLE = Automatic;
				DEVELOPMENT_TEAM = "";
				INFOPLIST_FILE = Todo1/Info.plist;
				IPHONEOS_DEPLOYMENT_TARGET = 11.2;
				LD_RUNPATH_SEARCH_PATHS = "$(inherited) @executable_path/Frameworks";
				PRODUCT_BUNDLE_IDENTIFIER = com.litech.Todo1;
				PRODUCT_NAME = "$(TARGET_NAME)";
				SWIFT_VERSION = 4.0;
				TARGETED_DEVICE_FAMILY = "1,2";
			};
			name = Release;
		};
		BAE4CDAA21DA033200D46E62 /* Debug */ = {
			isa = XCBuildConfiguration;
			buildSettings = {
				ALWAYS_EMBED_SWIFT_STANDARD_LIBRARIES = YES;
				BUNDLE_LOADER = "$(TEST_HOST)";
				CODE_SIGN_STYLE = Automatic;
				INFOPLIST_FILE = Todo1Tests/Info.plist;
				LD_RUNPATH_SEARCH_PATHS = "$(inherited) @executable_path/Frameworks @loader_path/Frameworks";
				PRODUCT_BUNDLE_IDENTIFIER = com.litech.Todo1Tests;
				PRODUCT_NAME = "$(TARGET_NAME)";
				SWIFT_VERSION = 4.0;
				TARGETED_DEVICE_FAMILY = "1,2";
				TEST_HOST = "$(BUILT_PRODUCTS_DIR)/Todo1.app/Todo1";
			};
			name = Debug;
		};
		BAE4CDAB21DA033200D46E62 /* Release */ = {
			isa = XCBuildConfiguration;
			buildSettings = {
				ALWAYS_EMBED_SWIFT_STANDARD_LIBRARIES = YES;
				BUNDLE_LOADER = "$(TEST_HOST)";
				CODE_SIGN_STYLE = Automatic;
				INFOPLIST_FILE = Todo1Tests/Info.plist;
				LD_RUNPATH_SEARCH_PATHS = "$(inherited) @executable_path/Frameworks @loader_path/Frameworks";
				PRODUCT_BUNDLE_IDENTIFIER = com.litech.Todo1Tests;
				PRODUCT_NAME = "$(TARGET_NAME)";
				SWIFT_VERSION = 4.0;
				TARGETED_DEVICE_FAMILY = "1,2";
				TEST_HOST = "$(BUILT_PRODUCTS_DIR)/Todo1.app/Todo1";
			};
			name = Release;
		};
		BAE4CDAD21DA033200D46E62 /* Debug */ = {
			isa = XCBuildConfiguration;
			buildSettings = {
				ALWAYS_EMBED_SWIFT_STANDARD_LIBRARIES = YES;
				CODE_SIGN_STYLE = Automatic;
				INFOPLIST_FILE = Todo1UITests/Info.plist;
				LD_RUNPATH_SEARCH_PATHS = "$(inherited) @executable_path/Frameworks @loader_path/Frameworks";
				PRODUCT_BUNDLE_IDENTIFIER = com.litech.Todo1UITests;
				PRODUCT_NAME = "$(TARGET_NAME)";
				SWIFT_VERSION = 4.0;
				TARGETED_DEVICE_FAMILY = "1,2";
				TEST_TARGET_NAME = Todo1;
			};
			name = Debug;
		};
		BAE4CDAE21DA033200D46E62 /* Release */ = {
			isa = XCBuildConfiguration;
			buildSettings = {
				ALWAYS_EMBED_SWIFT_STANDARD_LIBRARIES = YES;
				CODE_SIGN_STYLE = Automatic;
				INFOPLIST_FILE = Todo1UITests/Info.plist;
				LD_RUNPATH_SEARCH_PATHS = "$(inherited) @executable_path/Frameworks @loader_path/Frameworks";
				PRODUCT_BUNDLE_IDENTIFIER = com.litech.Todo1UITests;
				PRODUCT_NAME = "$(TARGET_NAME)";
				SWIFT_VERSION = 4.0;
				TARGETED_DEVICE_FAMILY = "1,2";
				TEST_TARGET_NAME = Todo1;
			};
			name = Release;
		};
/* End XCBuildConfiguration section */

/* Begin XCConfigurationList section */
		BAE4CD7921DA033100D46E62 /* Build configuration list for PBXProject "Todo1" */ = {
			isa = XCConfigurationList;
			buildConfigurations = (
				BAE4CDA421DA033200D46E62 /* Debug */,
				BAE4CDA521DA033200D46E62 /* Release */,
			);
			defaultConfigurationIsVisible = 0;
			defaultConfigurationName = Release;
		};
		BAE4CDA621DA033200D46E62 /* Build configuration list for PBXNativeTarget "Todo1" */ = {
			isa = XCConfigurationList;
			buildConfigurations = (
				BAE4CDA721DA033200D46E62 /* Debug */,
				BAE4CDA821DA033200D46E62 /* Release */,
			);
			defaultConfigurationIsVisible = 0;
			defaultConfigurationName = Release;
		};
		BAE4CDA921DA033200D46E62 /* Build configuration list for PBXNativeTarget "Todo1Tests" */ = {
			isa = XCConfigurationList;
			buildConfigurations = (
				BAE4CDAA21DA033200D46E62 /* Debug */,
				BAE4CDAB21DA033200D46E62 /* Release */,
			);
			defaultConfigurationIsVisible = 0;
			defaultConfigurationName = Release;
		};
		BAE4CDAC21DA033200D46E62 /* Build configuration list for PBXNativeTarget "Todo1UITests" */ = {
			isa = XCConfigurationList;
			buildConfigurations = (
				BAE4CDAD21DA033200D46E62 /* Debug */,
				BAE4CDAE21DA033200D46E62 /* Release */,
			);
			defaultConfigurationIsVisible = 0;
			defaultConfigurationName = Release;
		};
/* End XCConfigurationList section */
	};
	rootObject = BAE4CD7621DA033100D46E62 /* Project object */;
}
